
Microsoft Visual Studio Solution File, Format Version 12.00
# Visual Studio Version 17
VisualStudioVersion = 17.5.2.0
MinimumVisualStudioVersion = 10.0.40219.1
Project("{FAE04EC0-301F-11D3-BF4B-00C04F79EFBC}") = "smart_home", "smart_home.csproj", "{9BF66AD1-07CA-7B8C-2A62-E56E3B19DC81}"
EndProject
Project("{FAE04EC0-301F-11D3-BF4B-00C04F79EFBC}") = "smart_home.UnitTests", "smart_home.UnitTests\smart_home.UnitTests.csproj", "{2D9D60BA-6B30-456F-B24E-C6A6B627F81B}"
EndProject
Global
	GlobalSection(SolutionConfigurationPlatforms) = preSolution
		Debug|Any CPU = Debug|Any CPU
		Debug|x64 = Debug|x64
		Debug|x86 = Debug|x86
		Release|Any CPU = Release|Any CPU
		Release|x64 = Release|x64
		Release|x86 = Release|x86
	EndGlobalSection
	GlobalSection(ProjectConfigurationPlatforms) = postSolution
		{9BF66AD1-07CA-7B8C-2A62-E56E3B19DC81}.Debug|Any CPU.ActiveCfg = Debug|Any CPU
		{9BF66AD1-07CA-7B8C-2A62-E56E3B19DC81}.Debug|Any CPU.Build.0 = Debug|Any CPU
		{9BF66AD1-07CA-7B8C-2A62-E56E3B19DC81}.Debug|x64.ActiveCfg = Debug|Any CPU
		{9BF66AD1-07CA-7B8C-2A62-E56E3B19DC81}.Debug|x64.Build.0 = Debug|Any CPU
		{9BF66AD1-07CA-7B8C-2A62-E56E3B19DC81}.Debug|x86.ActiveCfg = Debug|Any CPU
		{9BF66AD1-07CA-7B8C-2A62-E56E3B19DC81}.Debug|x86.Build.0 = Debug|Any CPU
		{9BF66AD1-07CA-7B8C-2A62-E56E3B19DC81}.Release|Any CPU.ActiveCfg = Release|Any CPU
		{9BF66AD1-07CA-7B8C-2A62-E56E3B19DC81}.Release|Any CPU.Build.0 = Release|Any CPU
		{9BF66AD1-07CA-7B8C-2A62-E56E3B19DC81}.Release|x64.ActiveCfg = Release|Any CPU
		{9BF66AD1-07CA-7B8C-2A62-E56E3B19DC81}.Release|x64.Build.0 = Release|Any CPU
		{9BF66AD1-07CA-7B8C-2A62-E56E3B19DC81}.Release|x86.ActiveCfg = Release|Any CPU
		{9BF66AD1-07CA-7B8C-2A62-E56E3B19DC81}.Release|x86.Build.0 = Release|Any CPU
		{2D9D60BA-6B30-456F-B24E-C6A6B627F81B}.Debug|Any CPU.ActiveCfg = Debug|Any CPU
		{2D9D60BA-6B30-456F-B24E-C6A6B627F81B}.Debug|Any CPU.Build.0 = Debug|Any CPU
		{2D9D60BA-6B30-456F-B24E-C6A6B627F81B}.Debug|x64.ActiveCfg = Debug|Any CPU
		{2D9D60BA-6B30-456F-B24E-C6A6B627F81B}.Debug|x64.Build.0 = Debug|Any CPU
		{2D9D60BA-6B30-456F-B24E-C6A6B627F81B}.Debug|x86.ActiveCfg = Debug|Any CPU
		{2D9D60BA-6B30-456F-B24E-C6A6B627F81B}.Debug|x86.Build.0 = Debug|Any CPU
		{2D9D60BA-6B30-456F-B24E-C6A6B627F81B}.Release|Any CPU.ActiveCfg = Release|Any CPU
		{2D9D60BA-6B30-456F-B24E-C6A6B627F81B}.Release|Any CPU.Build.0 = Release|Any CPU
		{2D9D60BA-6B30-456F-B24E-C6A6B627F81B}.Release|x64.ActiveCfg = Release|Any CPU
		{2D9D60BA-6B30-456F-B24E-C6A6B627F81B}.Release|x64.Build.0 = Release|Any CPU
		{2D9D60BA-6B30-456F-B24E-C6A6B627F81B}.Release|x86.ActiveCfg = Release|Any CPU
		{2D9D60BA-6B30-456F-B24E-C6A6B627F81B}.Release|x86.Build.0 = Release|Any CPU
		{810F7BDD-0E42-40FF-96FF-A702AB6E693F}.Debug|Any CPU.ActiveCfg = Debug|Any CPU
		{810F7BDD-0E42-40FF-96FF-A702AB6E693F}.Debug|Any CPU.Build.0 = Debug|Any CPU
		{810F7BDD-0E42-40FF-96FF-A702AB6E693F}.Debug|x64.ActiveCfg = Debug|Any CPU
		{810F7BDD-0E42-40FF-96FF-A702AB6E693F}.Debug|x64.Build.0 = Debug|Any CPU
		{810F7BDD-0E42-40FF-96FF-A702AB6E693F}.Debug|x86.ActiveCfg = Debug|Any CPU
		{810F7BDD-0E42-40FF-96FF-A702AB6E693F}.Debug|x86.Build.0 = Debug|Any CPU
		{810F7BDD-0E42-40FF-96FF-A702AB6E693F}.Release|Any CPU.ActiveCfg = Release|Any CPU
		{810F7BDD-0E42-40FF-96FF-A702AB6E693F}.Release|Any CPU.Build.0 = Release|Any CPU
		{810F7BDD-0E42-40FF-96FF-A702AB6E693F}.Release|x64.ActiveCfg = Release|Any CPU
		{810F7BDD-0E42-40FF-96FF-A702AB6E693F}.Release|x64.Build.0 = Release|Any CPU
		{810F7BDD-0E42-40FF-96FF-A702AB6E693F}.Release|x86.ActiveCfg = Release|Any CPU
		{810F7BDD-0E42-40FF-96FF-A702AB6E693F}.Release|x86.Build.0 = Release|Any CPU
	EndGlobalSection
	GlobalSection(SolutionProperties) = preSolution
		HideSolutionNode = FALSE
	EndGlobalSection
	GlobalSection(ExtensibilityGlobals) = postSolution
		SolutionGuid = {40656F14-F990-4CBF-9B58-2DE6F2A84AF8}
	EndGlobalSection
EndGlobal
